{
  "version": 4,
  "terraform_version": "1.3.7",
  "serial": 8,
  "lineage": "3001a295-6a5a-a25b-0cce-9c697f340920",
  "outputs": {
    "jenkins_ip": {
      "value": "192.241.156.197",
      "type": "string"
    }
  },
  "resources": [
    {
      "mode": "data",
      "type": "digitalocean_ssh_key",
      "name": "ssh_key",
      "provider": "provider[\"registry.terraform.io/digitalocean/digitalocean\"]",
      "instances": [
        {
          "schema_version": 0,
          "attributes": {
            "fingerprint": "1a:b8:95:8a:f4:64:7e:51:54:55:5a:44:46:40:81:8c",
            "id": 37378971,
            "name": "Jornada",
            "public_key": "ssh-rsa AAAAB3NzaC1yc2EAAAADAQABAAABAQDGSC52j9VlA3CIArvVJKvkUHZCvaDnHLNI9zgYB1JPkgfLhrKt6+vUm/9QskiUZyDchaoGwt/JqIhAPxhkUNS8e1Wx1jWRDVgwJyf9yG1yVwenT1S+mD0OllR/2xHxlwS5Ec7AZmOcK5zjSutct/6rszN+lo3wRNeYPjeDsZVwE2EvMDRv+UJlz26UBO7p8h0Mes2S+qXLe7iz4scaToP/LQbywRh+Pvq92TkKAZAqtxfRFxu670rYBi2cyCkq0t3rrBz5a7yImADZrOd7LXDok1MnigRt4B8HzVM+DBh2cN6W+7zfg/aohVXaIfk/gB5K4HFwer/kFAftRXQwDUll cleiton@CLEITON-PC"
          },
          "sensitive_attributes": []
        }
      ]
    },
    {
      "mode": "managed",
      "type": "digitalocean_droplet",
      "name": "jenkins",
      "provider": "provider[\"registry.terraform.io/digitalocean/digitalocean\"]",
      "instances": [
        {
          "schema_version": 1,
          "attributes": {
            "backups": false,
            "created_at": "2023-01-28T16:07:39Z",
            "disk": 60,
            "droplet_agent": null,
            "graceful_shutdown": false,
            "id": "337994515",
            "image": "ubuntu-22-04-x64",
            "ipv4_address": "192.241.156.197",
            "ipv4_address_private": "10.116.0.2",
            "ipv6": false,
            "ipv6_address": "",
            "locked": false,
            "memory": 2048,
            "monitoring": false,
            "name": "jenkins",
            "price_hourly": 0.02679,
            "price_monthly": 18,
            "private_networking": true,
            "region": "nyc1",
            "resize_disk": true,
            "size": "s-2vcpu-2gb",
            "ssh_keys": [
              "37378971"
            ],
            "status": "active",
            "tags": null,
            "timeouts": null,
            "urn": "do:droplet:337994515",
            "user_data": null,
            "vcpus": 2,
            "volume_ids": [],
            "vpc_uuid": "63ee30bc-f2d1-4743-8c6b-6c29c26c385f"
          },
          "sensitive_attributes": [],
          "private": "eyJlMmJmYjczMC1lY2FhLTExZTYtOGY4OC0zNDM2M2JjN2M0YzAiOnsiY3JlYXRlIjozNjAwMDAwMDAwMDAwLCJkZWxldGUiOjYwMDAwMDAwMDAwLCJ1cGRhdGUiOjM2MDAwMDAwMDAwMDB9LCJzY2hlbWFfdmVyc2lvbiI6IjEifQ==",
          "dependencies": [
            "data.digitalocean_ssh_key.ssh_key"
          ]
        }
      ]
    },
    {
      "mode": "managed",
      "type": "local_file",
      "name": "kube_config",
      "provider": "provider[\"registry.terraform.io/hashicorp/local\"]",
      "instances": []
    }
  ],
  "check_results": null
}
